{
  "version": 4,
  "terraform_version": "0.12.18",
  "serial": 9,
  "lineage": "0a36f218-ea79-3e74-1c99-3411e9d92b5a",
  "outputs": {},
  "resources": [
    {
      "mode": "managed",
      "type": "aws_s3_bucket",
      "name": "b",
      "provider": "provider.aws",
      "instances": [
        {
          "schema_version": 0,
          "attributes": {
            "acceleration_status": "",
            "acl": "private",
            "arn": "arn:aws:s3:::this-is-a-terraform-test",
            "bucket": "this-is-a-terraform-test",
            "bucket_domain_name": "this-is-a-terraform-test.s3.amazonaws.com",
            "bucket_prefix": null,
            "bucket_regional_domain_name": "this-is-a-terraform-test.s3.amazonaws.com",
            "cors_rule": [],
            "force_destroy": false,
            "hosted_zone_id": "Z3AQBSTGFYJSTF",
            "id": "this-is-a-terraform-test",
            "lifecycle_rule": [],
            "logging": [],
            "object_lock_configuration": [],
            "policy": null,
            "region": "us-east-1",
            "replication_configuration": [],
            "request_payer": "",
            "server_side_encryption_configuration": [],
            "tags": {
              "Environment": "Dev",
              "Name": "MyBucket"
            },
            "versioning": [
              {
                "enabled": false,
                "mfa_delete": false
              }
            ],
            "website": [],
            "website_domain": null,
            "website_endpoint": null
          },
          "private": "bnVsbA=="
        }
      ]
    }
  ]
}
