{
  "version": 4,
  "terraform_version": "0.12.18",
  "serial": 12,
  "lineage": "fa97476c-b92d-09a5-3ff4-aeff68d515d3",
  "outputs": {},
  "resources": [
    {
      "mode": "managed",
      "type": "aws_s3_bucket",
      "name": "website_hosting",
      "provider": "provider.aws",
      "instances": [
        {
          "status": "tainted",
          "schema_version": 0,
          "attributes": {
            "acceleration_status": "",
            "acl": "public-read",
            "arn": null,
            "bucket": "hosting-test",
            "bucket_domain_name": "hosting-test.s3.amazonaws.com",
            "bucket_prefix": null,
            "bucket_regional_domain_name": null,
            "cors_rule": [],
            "force_destroy": false,
            "hosted_zone_id": null,
            "id": "hosting-test",
            "lifecycle_rule": [],
            "logging": [],
            "object_lock_configuration": [],
            "policy": "{\"Statement\":[{\"Action\":\"s3:GetObject\",\"Effect\":\"Allow\",\"Principal\":\"*\",\"Resource\":\"arn:aws:s3:::hosting-test\",\"Sid\":\"AddPerm\"}],\"Version\":\"2012-10-17\"}",
            "region": null,
            "replication_configuration": [],
            "request_payer": "",
            "server_side_encryption_configuration": [],
            "tags": null,
            "versioning": [
              {
                "enabled": false,
                "mfa_delete": false
              }
            ],
            "website": [
              {
                "error_document": "error.html",
                "index_document": "index.html",
                "redirect_all_requests_to": "",
                "routing_rules": ""
              }
            ],
            "website_domain": null,
            "website_endpoint": null
          },
          "private": "bnVsbA=="
        }
      ]
    }
  ]
}
